
Microsoft Visual Studio Solution File, Format Version 12.00
# Visual Studio Version 16
VisualStudioVersion = 16.0.30523.141
MinimumVisualStudioVersion = 10.0.40219.1
Project("{FAE04EC0-301F-11D3-BF4B-00C04F79EFBC}") = "Stopwatch", "Stopwatch.csproj", "{0CD17BE5-86E9-4B02-A418-FA3639C72FBF}"
EndProject
Global
	GlobalSection(SolutionConfigurationPlatforms) = preSolution
		Debug|Any CPU = Debug|Any CPU
		Release|Any CPU = Release|Any CPU
	EndGlobalSection
	GlobalSection(ProjectConfigurationPlatforms) = postSolution
		{0CD17BE5-86E9-4B02-A418-FA3639C72FBF}.Debug|Any CPU.ActiveCfg = Debug|Any CPU
		{0CD17BE5-86E9-4B02-A418-FA3639C72FBF}.Debug|Any CPU.Build.0 = Debug|Any CPU
		{0CD17BE5-86E9-4B02-A418-FA3639C72FBF}.Release|Any CPU.ActiveCfg = Release|Any CPU
		{0CD17BE5-86E9-4B02-A418-FA3639C72FBF}.Release|Any CPU.Build.0 = Release|Any CPU
	EndGlobalSection
	GlobalSection(SolutionProperties) = preSolution
		HideSolutionNode = FALSE
	EndGlobalSection
	GlobalSection(ExtensibilityGlobals) = postSolution
		SolutionGuid = {3F5662A0-DE53-4E28-AADC-DEC7BF4C5CC0}
	EndGlobalSection
EndGlobal
